
Microsoft Visual Studio Solution File, Format Version 12.00
Project("{F2A71F9B-5D33-465A-A702-920D77279786}") = "Exercism.TestRunner.FSharp", "src\Exercism.TestRunner.FSharp\Exercism.TestRunner.FSharp.fsproj", "{716757E0-24F9-4228-8B0E-48010F51A370}"
EndProject
Project("{F2A71F9B-5D33-465A-A702-920D77279786}") = "Exercism.TestRunner.FSharp.IntegrationTests", "tests\Exercism.TestRunner.FSharp.IntegrationTests\Exercism.TestRunner.FSharp.IntegrationTests.fsproj", "{8043DC49-CD97-460F-91FC-BF025B5EB1FB}"
EndProject
Global
	GlobalSection(SolutionConfigurationPlatforms) = preSolution
		Debug|Any CPU = Debug|Any CPU
		Release|Any CPU = Release|Any CPU
	EndGlobalSection
	GlobalSection(ProjectConfigurationPlatforms) = postSolution
		{716757E0-24F9-4228-8B0E-48010F51A370}.Debug|Any CPU.ActiveCfg = Debug|Any CPU
		{716757E0-24F9-4228-8B0E-48010F51A370}.Debug|Any CPU.Build.0 = Debug|Any CPU
		{716757E0-24F9-4228-8B0E-48010F51A370}.Release|Any CPU.ActiveCfg = Release|Any CPU
		{716757E0-24F9-4228-8B0E-48010F51A370}.Release|Any CPU.Build.0 = Release|Any CPU
		{8043DC49-CD97-460F-91FC-BF025B5EB1FB}.Debug|Any CPU.ActiveCfg = Debug|Any CPU
		{8043DC49-CD97-460F-91FC-BF025B5EB1FB}.Debug|Any CPU.Build.0 = Debug|Any CPU
		{8043DC49-CD97-460F-91FC-BF025B5EB1FB}.Release|Any CPU.ActiveCfg = Release|Any CPU
		{8043DC49-CD97-460F-91FC-BF025B5EB1FB}.Release|Any CPU.Build.0 = Release|Any CPU
	EndGlobalSection
EndGlobal
